
Microsoft Visual Studio Solution File, Format Version 9.00
# Visual Studio 2005
Project("{FAE04EC0-301F-11D3-BF4B-00C04F79EFBC}") = "Amundsen.SSDS.TaskDemo", "Handler\Amundsen.SSDS.TaskDemo.csproj", "{C186FE56-8CA3-4216-9772-071F94B31A0E}"
	ProjectSection(WebsiteProperties) = preProject
		Debug.AspNetCompiler.Debug = "True"
		Release.AspNetCompiler.Debug = "False"
	EndProjectSection
EndProject
Project("{FAE04EC0-301F-11D3-BF4B-00C04F79EFBC}") = "Amundsen.SSDS.Provisioning", "..\Provisioning\Amundsen.SSDS.Provisioning.csproj", "{94906E0F-EABC-4BAE-B9EB-F6D705E9F138}"
	ProjectSection(WebsiteProperties) = preProject
		Debug.AspNetCompiler.Debug = "True"
		Release.AspNetCompiler.Debug = "False"
	EndProjectSection
EndProject
Project("{FAE04EC0-301F-11D3-BF4B-00C04F79EFBC}") = "Amundsen.Utilities", "..\Amundsen.Utilities\Amundsen.Utilities.csproj", "{6BDCA8ED-AF71-4084-8D5C-654CFEE70B98}"
	ProjectSection(WebsiteProperties) = preProject
		Debug.AspNetCompiler.Debug = "True"
		Release.AspNetCompiler.Debug = "False"
	EndProjectSection
EndProject
Project("{FAE04EC0-301F-11D3-BF4B-00C04F79EFBC}") = "Amundsen.SSDS.Provisioning.Console", "..\Amundsen.SSDS.Provisioning.Console\Amundsen.SSDS.Provisioning.Console.csproj", "{3C2ED6C7-BD71-48AE-9532-A5C68A7E16DF}"
	ProjectSection(WebsiteProperties) = preProject
		Debug.AspNetCompiler.Debug = "True"
		Release.AspNetCompiler.Debug = "False"
	EndProjectSection
EndProject
Project("{FAE04EC0-301F-11D3-BF4B-00C04F79EFBC}") = "Amundsen.SSDS.GuestBook", "..\Amundsen.SSDS.GuestBook\Amundsen.SSDS.GuestBook.csproj", "{2D71AA9F-0D02-45AD-8BA7-20E8CD63E1CE}"
	ProjectSection(WebsiteProperties) = preProject
		Debug.AspNetCompiler.Debug = "True"
		Release.AspNetCompiler.Debug = "False"
	EndProjectSection
EndProject
Project("{FAE04EC0-301F-11D3-BF4B-00C04F79EFBC}") = "Amundsen.SSDS.Deploy", "..\SSDSDeploy\Amundsen.SSDS.Deploy.csproj", "{DC96AEC0-EC7D-4CAE-9D79-8A97DB85A6BB}"
	ProjectSection(WebsiteProperties) = preProject
		Debug.AspNetCompiler.Debug = "True"
		Release.AspNetCompiler.Debug = "False"
	EndProjectSection
EndProject
Project("{FAE04EC0-301F-11D3-BF4B-00C04F79EFBC}") = "Amundsen.photo-demo", "..\photo-demo\Amundsen.photo-demo.csproj", "{64300360-33C8-45E8-87EC-9AD47B49601F}"
	ProjectSection(WebsiteProperties) = preProject
		Debug.AspNetCompiler.Debug = "True"
		Release.AspNetCompiler.Debug = "False"
	EndProjectSection
EndProject
Global
	GlobalSection(SolutionConfigurationPlatforms) = preSolution
		Debug|Any CPU = Debug|Any CPU
		Release|Any CPU = Release|Any CPU
	EndGlobalSection
	GlobalSection(ProjectConfigurationPlatforms) = postSolution
		{C186FE56-8CA3-4216-9772-071F94B31A0E}.Debug|Any CPU.ActiveCfg = Debug|Any CPU
		{C186FE56-8CA3-4216-9772-071F94B31A0E}.Debug|Any CPU.Build.0 = Debug|Any CPU
		{C186FE56-8CA3-4216-9772-071F94B31A0E}.Release|Any CPU.ActiveCfg = Release|Any CPU
		{C186FE56-8CA3-4216-9772-071F94B31A0E}.Release|Any CPU.Build.0 = Release|Any CPU
		{94906E0F-EABC-4BAE-B9EB-F6D705E9F138}.Debug|Any CPU.ActiveCfg = Debug|Any CPU
		{94906E0F-EABC-4BAE-B9EB-F6D705E9F138}.Debug|Any CPU.Build.0 = Debug|Any CPU
		{94906E0F-EABC-4BAE-B9EB-F6D705E9F138}.Release|Any CPU.ActiveCfg = Release|Any CPU
		{94906E0F-EABC-4BAE-B9EB-F6D705E9F138}.Release|Any CPU.Build.0 = Release|Any CPU
		{6BDCA8ED-AF71-4084-8D5C-654CFEE70B98}.Debug|Any CPU.ActiveCfg = Debug|Any CPU
		{6BDCA8ED-AF71-4084-8D5C-654CFEE70B98}.Debug|Any CPU.Build.0 = Debug|Any CPU
		{6BDCA8ED-AF71-4084-8D5C-654CFEE70B98}.Release|Any CPU.ActiveCfg = Release|Any CPU
		{6BDCA8ED-AF71-4084-8D5C-654CFEE70B98}.Release|Any CPU.Build.0 = Release|Any CPU
		{3C2ED6C7-BD71-48AE-9532-A5C68A7E16DF}.Debug|Any CPU.ActiveCfg = Debug|Any CPU
		{3C2ED6C7-BD71-48AE-9532-A5C68A7E16DF}.Debug|Any CPU.Build.0 = Debug|Any CPU
		{3C2ED6C7-BD71-48AE-9532-A5C68A7E16DF}.Release|Any CPU.ActiveCfg = Release|Any CPU
		{3C2ED6C7-BD71-48AE-9532-A5C68A7E16DF}.Release|Any CPU.Build.0 = Release|Any CPU
		{2D71AA9F-0D02-45AD-8BA7-20E8CD63E1CE}.Debug|Any CPU.ActiveCfg = Debug|Any CPU
		{2D71AA9F-0D02-45AD-8BA7-20E8CD63E1CE}.Debug|Any CPU.Build.0 = Debug|Any CPU
		{2D71AA9F-0D02-45AD-8BA7-20E8CD63E1CE}.Release|Any CPU.ActiveCfg = Release|Any CPU
		{2D71AA9F-0D02-45AD-8BA7-20E8CD63E1CE}.Release|Any CPU.Build.0 = Release|Any CPU
		{DC96AEC0-EC7D-4CAE-9D79-8A97DB85A6BB}.Debug|Any CPU.ActiveCfg = Debug|Any CPU
		{DC96AEC0-EC7D-4CAE-9D79-8A97DB85A6BB}.Debug|Any CPU.Build.0 = Debug|Any CPU
		{DC96AEC0-EC7D-4CAE-9D79-8A97DB85A6BB}.Release|Any CPU.ActiveCfg = Release|Any CPU
		{DC96AEC0-EC7D-4CAE-9D79-8A97DB85A6BB}.Release|Any CPU.Build.0 = Release|Any CPU
		{64300360-33C8-45E8-87EC-9AD47B49601F}.Debug|Any CPU.ActiveCfg = Debug|Any CPU
		{64300360-33C8-45E8-87EC-9AD47B49601F}.Debug|Any CPU.Build.0 = Debug|Any CPU
		{64300360-33C8-45E8-87EC-9AD47B49601F}.Release|Any CPU.ActiveCfg = Release|Any CPU
		{64300360-33C8-45E8-87EC-9AD47B49601F}.Release|Any CPU.Build.0 = Release|Any CPU
	EndGlobalSection
	GlobalSection(SolutionProperties) = preSolution
		HideSolutionNode = FALSE
	EndGlobalSection
EndGlobal
