
Microsoft Visual Studio Solution File, Format Version 9.00
# Visual Studio 2005
Project("{FAE04EC0-301F-11D3-BF4B-00C04F79EFBC}") = "Amundsen.SSDS.TaskDemo", "Handler\Amundsen.SSDS.TaskDemo.csproj", "{C186FE56-8CA3-4216-9772-071F94B31A0E}"
	ProjectSection(WebsiteProperties) = preProject
		Debug.AspNetCompiler.Debug = "True"
		Release.AspNetCompiler.Debug = "False"
	EndProjectSection
EndProject
Project("{FAE04EC0-301F-11D3-BF4B-00C04F79EFBC}") = "Amundsen.SSDS.Provisioning", "..\Provisioning\Amundsen.SSDS.Provisioning.csproj", "{94906E0F-EABC-4BAE-B9EB-F6D705E9F138}"
	ProjectSection(WebsiteProperties) = preProject
		Debug.AspNetCompiler.Debug = "True"
		Release.AspNetCompiler.Debug = "False"
	EndProjectSection
EndProject
Project("{FAE04EC0-301F-11D3-BF4B-00C04F79EFBC}") = "Amundsen.Utilities", "..\Amundsen.Utilities\Amundsen.Utilities.csproj", "{6BDCA8ED-AF71-4084-8D5C-654CFEE70B98}"
	ProjectSection(WebsiteProperties) = preProject
		Debug.AspNetCompiler.Debug = "True"
		Release.AspNetCompiler.Debug = "False"
	EndProjectSection
EndProject
Global
	GlobalSection(SolutionConfigurationPlatforms) = preSolution
		Debug|Any CPU = Debug|Any CPU
		Release|Any CPU = Release|Any CPU
	EndGlobalSection
	GlobalSection(ProjectConfigurationPlatforms) = postSolution
		{C186FE56-8CA3-4216-9772-071F94B31A0E}.Debug|Any CPU.ActiveCfg = Debug|Any CPU
		{C186FE56-8CA3-4216-9772-071F94B31A0E}.Debug|Any CPU.Build.0 = Debug|Any CPU
		{C186FE56-8CA3-4216-9772-071F94B31A0E}.Release|Any CPU.ActiveCfg = Release|Any CPU
		{C186FE56-8CA3-4216-9772-071F94B31A0E}.Release|Any CPU.Build.0 = Release|Any CPU
		{94906E0F-EABC-4BAE-B9EB-F6D705E9F138}.Debug|Any CPU.ActiveCfg = Debug|Any CPU
		{94906E0F-EABC-4BAE-B9EB-F6D705E9F138}.Debug|Any CPU.Build.0 = Debug|Any CPU
		{94906E0F-EABC-4BAE-B9EB-F6D705E9F138}.Release|Any CPU.ActiveCfg = Release|Any CPU
		{94906E0F-EABC-4BAE-B9EB-F6D705E9F138}.Release|Any CPU.Build.0 = Release|Any CPU
		{6BDCA8ED-AF71-4084-8D5C-654CFEE70B98}.Debug|Any CPU.ActiveCfg = Debug|Any CPU
		{6BDCA8ED-AF71-4084-8D5C-654CFEE70B98}.Debug|Any CPU.Build.0 = Debug|Any CPU
		{6BDCA8ED-AF71-4084-8D5C-654CFEE70B98}.Release|Any CPU.ActiveCfg = Release|Any CPU
		{6BDCA8ED-AF71-4084-8D5C-654CFEE70B98}.Release|Any CPU.Build.0 = Release|Any CPU
	EndGlobalSection
	GlobalSection(SolutionProperties) = preSolution
		HideSolutionNode = FALSE
	EndGlobalSection
EndGlobal
