
Microsoft Visual Studio Solution File, Format Version 9.00
# Visual Studio 2005
Project("{FAE04EC0-301F-11D3-BF4B-00C04F79EFBC}") = "Amundsen.SSDS.GuestBook", "Amundsen.SSDS.GuestBook.csproj", "{2D71AA9F-0D02-45AD-8BA7-20E8CD63E1CE}"
EndProject
Global
	GlobalSection(SolutionConfigurationPlatforms) = preSolution
		Debug|Any CPU = Debug|Any CPU
		Release|Any CPU = Release|Any CPU
	EndGlobalSection
	GlobalSection(ProjectConfigurationPlatforms) = postSolution
		{2D71AA9F-0D02-45AD-8BA7-20E8CD63E1CE}.Debug|Any CPU.ActiveCfg = Debug|Any CPU
		{2D71AA9F-0D02-45AD-8BA7-20E8CD63E1CE}.Debug|Any CPU.Build.0 = Debug|Any CPU
		{2D71AA9F-0D02-45AD-8BA7-20E8CD63E1CE}.Release|Any CPU.ActiveCfg = Release|Any CPU
		{2D71AA9F-0D02-45AD-8BA7-20E8CD63E1CE}.Release|Any CPU.Build.0 = Release|Any CPU
	EndGlobalSection
	GlobalSection(SolutionProperties) = preSolution
		HideSolutionNode = FALSE
	EndGlobalSection
EndGlobal
